// !$*UTF8*$!
{
	archiveVersion = 1;
	classes = {
	};
	objectVersion = 48;
	objects = {

/* Begin PBXBuildFile section */
		F38EC09D202856020020C930 /* AppDelegate.m in Sources */ = {isa = PBXBuildFile; fileRef = F38EC09C202856020020C930 /* AppDelegate.m */; };
		F38EC0A0202856020020C930 /* ViewController.m in Sources */ = {isa = PBXBuildFile; fileRef = F38EC09F202856020020C930 /* ViewController.m */; };
		F38EC0A3202856020020C930 /* Main.storyboard in Resources */ = {isa = PBXBuildFile; fileRef = F38EC0A1202856020020C930 /* Main.storyboard */; };
		F38EC0A5202856020020C930 /* Assets.xcassets in Resources */ = {isa = PBXBuildFile; fileRef = F38EC0A4202856020020C930 /* Assets.xcassets */; };
		F38EC0A8202856020020C930 /* LaunchScreen.storyboard in Resources */ = {isa = PBXBuildFile; fileRef = F38EC0A6202856020020C930 /* LaunchScreen.storyboard */; };
		F38EC0AB202856020020C930 /* main.m in Sources */ = {isa = PBXBuildFile; fileRef = F38EC0AA202856020020C930 /* main.m */; };
		F3ED6698202952DE00317426 /* DLPopupContainer.m in Sources */ = {isa = PBXBuildFile; fileRef = F3ED6697202952DD00317426 /* DLPopupContainer.m */; };
		F3ED669B2029546400317426 /* PopView.m in Sources */ = {isa = PBXBuildFile; fileRef = F3ED669A2029546400317426 /* PopView.m */; };
		F3ED669D2029547200317426 /* PopView.xib in Resources */ = {isa = PBXBuildFile; fileRef = F3ED669C2029547200317426 /* PopView.xib */; };
/* End PBXBuildFile section */

/* Begin PBXFileReference section */
		F38EC098202856020020C930 /* PopupContainer.app */ = {isa = PBXFileReference; explicitFileType = wrapper.application; includeInIndex = 0; path = PopupContainer.app; sourceTree = BUILT_PRODUCTS_DIR; };
		F38EC09B202856020020C930 /* AppDelegate.h */ = {isa = PBXFileReference; lastKnownFileType = sourcecode.c.h; path = AppDelegate.h; sourceTree = "<group>"; };
		F38EC09C202856020020C930 /* AppDelegate.m */ = {isa = PBXFileReference; lastKnownFileType = sourcecode.c.objc; path = AppDelegate.m; sourceTree = "<group>"; };
		F38EC09E202856020020C930 /* ViewController.h */ = {isa = PBXFileReference; lastKnownFileType = sourcecode.c.h; path = ViewController.h; sourceTree = "<group>"; };
		F38EC09F202856020020C930 /* ViewController.m */ = {isa = PBXFileReference; lastKnownFileType = sourcecode.c.objc; path = ViewController.m; sourceTree = "<group>"; };
		F38EC0A2202856020020C930 /* Base */ = {isa = PBXFileReference; lastKnownFileType = file.storyboard; name = Base; path = Base.lproj/Main.storyboard; sourceTree = "<group>"; };
		F38EC0A4202856020020C930 /* Assets.xcassets */ = {isa = PBXFileReference; lastKnownFileType = folder.assetcatalog; path = Assets.xcassets; sourceTree = "<group>"; };
		F38EC0A7202856020020C930 /* Base */ = {isa = PBXFileReference; lastKnownFileType = file.storyboard; name = Base; path = Base.lproj/LaunchScreen.storyboard; sourceTree = "<group>"; };
		F38EC0A9202856020020C930 /* Info.plist */ = {isa = PBXFileReference; lastKnownFileType = text.plist.xml; path = Info.plist; sourceTree = "<group>"; };
		F38EC0AA202856020020C930 /* main.m */ = {isa = PBXFileReference; lastKnownFileType = sourcecode.c.objc; path = main.m; sourceTree = "<group>"; };
		F3ED6696202952DD00317426 /* DLPopupContainer.h */ = {isa = PBXFileReference; fileEncoding = 4; lastKnownFileType = sourcecode.c.h; path = DLPopupContainer.h; sourceTree = "<group>"; };
		F3ED6697202952DD00317426 /* DLPopupContainer.m */ = {isa = PBXFileReference; fileEncoding = 4; lastKnownFileType = sourcecode.c.objc; path = DLPopupContainer.m; sourceTree = "<group>"; };
		F3ED66992029546400317426 /* PopView.h */ = {isa = PBXFileReference; lastKnownFileType = sourcecode.c.h; path = PopView.h; sourceTree = "<group>"; };
		F3ED669A2029546400317426 /* PopView.m */ = {isa = PBXFileReference; lastKnownFileType = sourcecode.c.objc; path = PopView.m; sourceTree = "<group>"; };
		F3ED669C2029547200317426 /* PopView.xib */ = {isa = PBXFileReference; lastKnownFileType = file.xib; path = PopView.xib; sourceTree = "<group>"; };
/* End PBXFileReference section */

/* Begin PBXFrameworksBuildPhase section */
		F38EC095202856020020C930 /* Frameworks */ = {
			isa = PBXFrameworksBuildPhase;
			buildActionMask = 2147483647;
			files = (
			);
			runOnlyForDeploymentPostprocessing = 0;
		};
/* End PBXFrameworksBuildPhase section */

/* Begin PBXGroup section */
		F38EC08F202856020020C930 = {
			isa = PBXGroup;
			children = (
				F38EC09A202856020020C930 /* PopupContainer */,
				F38EC099202856020020C930 /* Products */,
			);
			sourceTree = "<group>";
		};
		F38EC099202856020020C930 /* Products */ = {
			isa = PBXGroup;
			children = (
				F38EC098202856020020C930 /* PopupContainer.app */,
			);
			name = Products;
			sourceTree = "<group>";
		};
		F38EC09A202856020020C930 /* PopupContainer */ = {
			isa = PBXGroup;
			children = (
				F3ED6695202952DD00317426 /* DLPopupContainer */,
				F38EC09B202856020020C930 /* AppDelegate.h */,
				F38EC09C202856020020C930 /* AppDelegate.m */,
				F38EC09E202856020020C930 /* ViewController.h */,
				F38EC09F202856020020C930 /* ViewController.m */,
				F3ED66992029546400317426 /* PopView.h */,
				F3ED669A2029546400317426 /* PopView.m */,
				F3ED669C2029547200317426 /* PopView.xib */,
				F38EC0A1202856020020C930 /* Main.storyboard */,
				F38EC0A4202856020020C930 /* Assets.xcassets */,
				F38EC0A6202856020020C930 /* LaunchScreen.storyboard */,
				F38EC0A9202856020020C930 /* Info.plist */,
				F38EC0AA202856020020C930 /* main.m */,
			);
			path = PopupContainer;
			sourceTree = "<group>";
		};
		F3ED6695202952DD00317426 /* DLPopupContainer */ = {
			isa = PBXGroup;
			children = (
				F3ED6696202952DD00317426 /* DLPopupContainer.h */,
				F3ED6697202952DD00317426 /* DLPopupContainer.m */,
			);
			path = DLPopupContainer;
			sourceTree = SOURCE_ROOT;
		};
/* End PBXGroup section */

/* Begin PBXNativeTarget section */
		F38EC097202856020020C930 /* PopupContainer */ = {
			isa = PBXNativeTarget;
			buildConfigurationList = F38EC0AE202856020020C930 /* Build configuration list for PBXNativeTarget "PopupContainer" */;
			buildPhases = (
				F38EC094202856020020C930 /* Sources */,
				F38EC095202856020020C930 /* Frameworks */,
				F38EC096202856020020C930 /* Resources */,
			);
			buildRules = (
			);
			dependencies = (
			);
			name = PopupContainer;
			productName = PopupContainer;
			productReference = F38EC098202856020020C930 /* PopupContainer.app */;
			productType = "com.apple.product-type.application";
		};
/* End PBXNativeTarget section */

/* Begin PBXProject section */
		F38EC090202856020020C930 /* Project object */ = {
			isa = PBXProject;
			attributes = {
				LastUpgradeCheck = 0920;
				ORGANIZATIONNAME = Dalang;
				TargetAttributes = {
					F38EC097202856020020C930 = {
						CreatedOnToolsVersion = 9.2;
						ProvisioningStyle = Automatic;
					};
				};
			};
			buildConfigurationList = F38EC093202856020020C930 /* Build configuration list for PBXProject "PopupContainer" */;
			compatibilityVersion = "Xcode 8.0";
			developmentRegion = en;
			hasScannedForEncodings = 0;
			knownRegions = (
				en,
				Base,
			);
			mainGroup = F38EC08F202856020020C930;
			productRefGroup = F38EC099202856020020C930 /* Products */;
			projectDirPath = "";
			projectRoot = "";
			targets = (
				F38EC097202856020020C930 /* PopupContainer */,
			);
		};
/* End PBXProject section */

/* Begin PBXResourcesBuildPhase section */
		F38EC096202856020020C930 /* Resources */ = {
			isa = PBXResourcesBuildPhase;
			buildActionMask = 2147483647;
			files = (
				F3ED669D2029547200317426 /* PopView.xib in Resources */,
				F38EC0A8202856020020C930 /* LaunchScreen.storyboard in Resources */,
				F38EC0A5202856020020C930 /* Assets.xcassets in Resources */,
				F38EC0A3202856020020C930 /* Main.storyboard in Resources */,
			);
			runOnlyForDeploymentPostprocessing = 0;
		};
/* End PBXResourcesBuildPhase section */

/* Begin PBXSourcesBuildPhase section */
		F38EC094202856020020C930 /* Sources */ = {
			isa = PBXSourcesBuildPhase;
			buildActionMask = 2147483647;
			files = (
				F3ED6698202952DE00317426 /* DLPopupContainer.m in Sources */,
				F38EC0A0202856020020C930 /* ViewController.m in Sources */,
				F38EC0AB202856020020C930 /* main.m in Sources */,
				F38EC09D202856020020C930 /* AppDelegate.m in Sources */,
				F3ED669B2029546400317426 /* PopView.m in Sources */,
			);
			runOnlyForDeploymentPostprocessing = 0;
		};
/* End PBXSourcesBuildPhase section */

/* Begin PBXVariantGroup section */
		F38EC0A1202856020020C930 /* Main.storyboard */ = {
			isa = PBXVariantGroup;
			children = (
				F38EC0A2202856020020C930 /* Base */,
			);
			name = Main.storyboard;
			sourceTree = "<group>";
		};
		F38EC0A6202856020020C930 /* LaunchScreen.storyboard */ = {
			isa = PBXVariantGroup;
			children = (
				F38EC0A7202856020020C930 /* Base */,
			);
			name = LaunchScreen.storyboard;
			sourceTree = "<group>";
		};
/* End PBXVariantGroup section */

/* Begin XCBuildConfiguration section */
		F38EC0AC202856020020C930 /* Debug */ = {
			isa = XCBuildConfiguration;
			buildSettings = {
				ALWAYS_SEARCH_USER_PATHS = NO;
				CLANG_ANALYZER_NONNULL = YES;
				CLANG_ANALYZER_NUMBER_OBJECT_CONVERSION = YES_AGGRESSIVE;
				CLANG_CXX_LANGUAGE_STANDARD = "gnu++14";
				CLANG_CXX_LIBRARY = "libc++";
				CLANG_ENABLE_MODULES = YES;
				CLANG_ENABLE_OBJC_ARC = YES;
				CLANG_WARN_BLOCK_CAPTURE_AUTORELEASING = YES;
				CLANG_WARN_BOOL_CONVERSION = YES;
				CLANG_WARN_COMMA = YES;
				CLANG_WARN_CONSTANT_CONVERSION = YES;
				CLANG_WARN_DIRECT_OBJC_ISA_USAGE = YES_ERROR;
				CLANG_WARN_DOCUMENTATION_COMMENTS = YES;
				CLANG_WARN_EMPTY_BODY = YES;
				CLANG_WARN_ENUM_CONVERSION = YES;
				CLANG_WARN_INFINITE_RECURSION = YES;
				CLANG_WARN_INT_CONVERSION = YES;
				CLANG_WARN_NON_LITERAL_NULL_CONVERSION = YES;
				CLANG_WARN_OBJC_LITERAL_CONVERSION = YES;
				CLANG_WARN_OBJC_ROOT_CLASS = YES_ERROR;
				CLANG_WARN_RANGE_LOOP_ANALYSIS = YES;
				CLANG_WARN_STRICT_PROTOTYPES = YES;
				CLANG_WARN_SUSPICIOUS_MOVE = YES;
				CLANG_WARN_UNGUARDED_AVAILABILITY = YES_AGGRESSIVE;
				CLANG_WARN_UNREACHABLE_CODE = YES;
				CLANG_WARN__DUPLICATE_METHOD_MATCH = YES;
				CODE_SIGN_IDENTITY = "iPhone Developer";
				COPY_PHASE_STRIP = NO;
				DEBUG_INFORMATION_FORMAT = dwarf;
				ENABLE_STRICT_OBJC_MSGSEND = YES;
				ENABLE_TESTABILITY = YES;
				GCC_C_LANGUAGE_STANDARD = gnu11;
				GCC_DYNAMIC_NO_PIC = NO;
				GCC_NO_COMMON_BLOCKS = YES;
				GCC_OPTIMIZATION_LEVEL = 0;
				GCC_PREPROCESSOR_DEFINITIONS = (
					"DEBUG=1",
					"$(inherited)",
				);
				GCC_WARN_64_TO_32_BIT_CONVERSION = YES;
				GCC_WARN_ABOUT_RETURN_TYPE = YES_ERROR;
				GCC_WARN_UNDECLARED_SELECTOR = YES;
				GCC_WARN_UNINITIALIZED_AUTOS = YES_AGGRESSIVE;
				GCC_WARN_UNUSED_FUNCTION = YES;
				GCC_WARN_UNUSED_VARIABLE = YES;
				IPHONEOS_DEPLOYMENT_TARGET = 11.2;
				MTL_ENABLE_DEBUG_INFO = YES;
				ONLY_ACTIVE_ARCH = YES;
				SDKROOT = iphoneos;
			};
			name = Debug;
		};
		F38EC0AD202856020020C930 /* Release */ = {
			isa = XCBuildConfiguration;
			buildSettings = {
				ALWAYS_SEARCH_USER_PATHS = NO;
				CLANG_ANALYZER_NONNULL = YES;
				CLANG_ANALYZER_NUMBER_OBJECT_CONVERSION = YES_AGGRESSIVE;
				CLANG_CXX_LANGUAGE_STANDARD = "gnu++14";
				CLANG_CXX_LIBRARY = "libc++";
				CLANG_ENABLE_MODULES = YES;
				CLANG_ENABLE_OBJC_ARC = YES;
				CLANG_WARN_BLOCK_CAPTURE_AUTORELEASING = YES;
				CLANG_WARN_BOOL_CONVERSION = YES;
				CLANG_WARN_COMMA = YES;
				CLANG_WARN_CONSTANT_CONVERSION = YES;
				CLANG_WARN_DIRECT_OBJC_ISA_USAGE = YES_ERROR;
				CLANG_WARN_DOCUMENTATION_COMMENTS = YES;
				CLANG_WARN_EMPTY_BODY = YES;
				CLANG_WARN_ENUM_CONVERSION = YES;
				CLANG_WARN_INFINITE_RECURSION = YES;
				CLANG_WARN_INT_CONVERSION = YES;
				CLANG_WARN_NON_LITERAL_NULL_CONVERSION = YES;
				CLANG_WARN_OBJC_LITERAL_CONVERSION = YES;
				CLANG_WARN_OBJC_ROOT_CLASS = YES_ERROR;
				CLANG_WARN_RANGE_LOOP_ANALYSIS = YES;
				CLANG_WARN_STRICT_PROTOTYPES = YES;
				CLANG_WARN_SUSPICIOUS_MOVE = YES;
				CLANG_WARN_UNGUARDED_AVAILABILITY = YES_AGGRESSIVE;
				CLANG_WARN_UNREACHABLE_CODE = YES;
				CLANG_WARN__DUPLICATE_METHOD_MATCH = YES;
				CODE_SIGN_IDENTITY = "iPhone Developer";
				COPY_PHASE_STRIP = NO;
				DEBUG_INFORMATION_FORMAT = "dwarf-with-dsym";
				ENABLE_NS_ASSERTIONS = NO;
				ENABLE_STRICT_OBJC_MSGSEND = YES;
				GCC_C_LANGUAGE_STANDARD = gnu11;
				GCC_NO_COMMON_BLOCKS = YES;
				GCC_WARN_64_TO_32_BIT_CONVERSION = YES;
				GCC_WARN_ABOUT_RETURN_TYPE = YES_ERROR;
				GCC_WARN_UNDECLARED_SELECTOR = YES;
				GCC_WARN_UNINITIALIZED_AUTOS = YES_AGGRESSIVE;
				GCC_WARN_UNUSED_FUNCTION = YES;
				GCC_WARN_UNUSED_VARIABLE = YES;
				IPHONEOS_DEPLOYMENT_TARGET = 11.2;
				MTL_ENABLE_DEBUG_INFO = NO;
				SDKROOT = iphoneos;
				VALIDATE_PRODUCT = YES;
			};
			name = Release;
		};
		F38EC0AF202856020020C930 /* Debug */ = {
			isa = XCBuildConfiguration;
			buildSettings = {
				ASSETCATALOG_COMPILER_APPICON_NAME = AppIcon;
				CODE_SIGN_STYLE = Automatic;
				DEVELOPMENT_TEAM = 7EBT3L7M8A;
				INFOPLIST_FILE = PopupContainer/Info.plist;
				IPHONEOS_DEPLOYMENT_TARGET = 8.0;
				LD_RUNPATH_SEARCH_PATHS = "$(inherited) @executable_path/Frameworks";
				PRODUCT_BUNDLE_IDENTIFIER = com.dalang.PopupContainer;
				PRODUCT_NAME = "$(TARGET_NAME)";
				TARGETED_DEVICE_FAMILY = "1,2";
			};
			name = Debug;
		};
		F38EC0B0202856020020C930 /* Release */ = {
			isa = XCBuildConfiguration;
			buildSettings = {
				ASSETCATALOG_COMPILER_APPICON_NAME = AppIcon;
				CODE_SIGN_STYLE = Automatic;
				DEVELOPMENT_TEAM = 7EBT3L7M8A;
				INFOPLIST_FILE = PopupContainer/Info.plist;
				IPHONEOS_DEPLOYMENT_TARGET = 8.0;
				LD_RUNPATH_SEARCH_PATHS = "$(inherited) @executable_path/Frameworks";
				PRODUCT_BUNDLE_IDENTIFIER = com.dalang.PopupContainer;
				PRODUCT_NAME = "$(TARGET_NAME)";
				TARGETED_DEVICE_FAMILY = "1,2";
			};
			name = Release;
		};
/* End XCBuildConfiguration section */

/* Begin XCConfigurationList section */
		F38EC093202856020020C930 /* Build configuration list for PBXProject "PopupContainer" */ = {
			isa = XCConfigurationList;
			buildConfigurations = (
				F38EC0AC202856020020C930 /* Debug */,
				F38EC0AD202856020020C930 /* Release */,
			);
			defaultConfigurationIsVisible = 0;
			defaultConfigurationName = Release;
		};
		F38EC0AE202856020020C930 /* Build configuration list for PBXNativeTarget "PopupContainer" */ = {
			isa = XCConfigurationList;
			buildConfigurations = (
				F38EC0AF202856020020C930 /* Debug */,
				F38EC0B0202856020020C930 /* Release */,
			);
			defaultConfigurationIsVisible = 0;
			defaultConfigurationName = Release;
		};
/* End XCConfigurationList section */
	};
	rootObject = F38EC090202856020020C930 /* Project object */;
}
